
Microsoft Visual Studio Solution File, Format Version 12.00
# Visual Studio Version 17
VisualStudioVersion = 17.8.34408.163
MinimumVisualStudioVersion = 10.0.40219.1
Project("{FAE04EC0-301F-11D3-BF4B-00C04F79EFBC}") = "WebApplication1", "WebApplication1\WebApplication1.csproj", "{7F64588E-7E3A-4725-A1C3-D8EF7C96D0DE}"
EndProject
Project("{FAE04EC0-301F-11D3-BF4B-00C04F79EFBC}") = "Punto1", "Punto1\Punto1.csproj", "{989044CD-2D3C-42FF-A96D-326EE62470F7}"
EndProject
Project("{FAE04EC0-301F-11D3-BF4B-00C04F79EFBC}") = "Punto2", "Punto2\Punto2.csproj", "{59D18AEA-40E4-471B-A887-2ABABB0C01A2}"
EndProject
Project("{FAE04EC0-301F-11D3-BF4B-00C04F79EFBC}") = "Punto3", "Punto3\Punto3.csproj", "{783B844F-6AE9-426C-A198-74D8D71CA8C2}"
EndProject
Global
	GlobalSection(SolutionConfigurationPlatforms) = preSolution
		Debug|Any CPU = Debug|Any CPU
		Release|Any CPU = Release|Any CPU
	EndGlobalSection
	GlobalSection(ProjectConfigurationPlatforms) = postSolution
		{7F64588E-7E3A-4725-A1C3-D8EF7C96D0DE}.Debug|Any CPU.ActiveCfg = Debug|Any CPU
		{7F64588E-7E3A-4725-A1C3-D8EF7C96D0DE}.Debug|Any CPU.Build.0 = Debug|Any CPU
		{7F64588E-7E3A-4725-A1C3-D8EF7C96D0DE}.Release|Any CPU.ActiveCfg = Release|Any CPU
		{7F64588E-7E3A-4725-A1C3-D8EF7C96D0DE}.Release|Any CPU.Build.0 = Release|Any CPU
		{989044CD-2D3C-42FF-A96D-326EE62470F7}.Debug|Any CPU.ActiveCfg = Debug|Any CPU
		{989044CD-2D3C-42FF-A96D-326EE62470F7}.Debug|Any CPU.Build.0 = Debug|Any CPU
		{989044CD-2D3C-42FF-A96D-326EE62470F7}.Release|Any CPU.ActiveCfg = Release|Any CPU
		{989044CD-2D3C-42FF-A96D-326EE62470F7}.Release|Any CPU.Build.0 = Release|Any CPU
		{59D18AEA-40E4-471B-A887-2ABABB0C01A2}.Debug|Any CPU.ActiveCfg = Debug|Any CPU
		{59D18AEA-40E4-471B-A887-2ABABB0C01A2}.Debug|Any CPU.Build.0 = Debug|Any CPU
		{59D18AEA-40E4-471B-A887-2ABABB0C01A2}.Release|Any CPU.ActiveCfg = Release|Any CPU
		{59D18AEA-40E4-471B-A887-2ABABB0C01A2}.Release|Any CPU.Build.0 = Release|Any CPU
		{783B844F-6AE9-426C-A198-74D8D71CA8C2}.Debug|Any CPU.ActiveCfg = Debug|Any CPU
		{783B844F-6AE9-426C-A198-74D8D71CA8C2}.Debug|Any CPU.Build.0 = Debug|Any CPU
		{783B844F-6AE9-426C-A198-74D8D71CA8C2}.Release|Any CPU.ActiveCfg = Release|Any CPU
		{783B844F-6AE9-426C-A198-74D8D71CA8C2}.Release|Any CPU.Build.0 = Release|Any CPU
	EndGlobalSection
	GlobalSection(SolutionProperties) = preSolution
		HideSolutionNode = FALSE
	EndGlobalSection
	GlobalSection(ExtensibilityGlobals) = postSolution
		SolutionGuid = {B9D2C708-60B8-4D08-B8E7-A67BE1D04F3C}
	EndGlobalSection
EndGlobal
